
Microsoft Visual Studio Solution File, Format Version 12.00
# Visual Studio Version 17
VisualStudioVersion = 17.11.35327.3
MinimumVisualStudioVersion = 10.0.40219.1
Project("{9A19103F-16F7-4668-BE54-9A1E7A4F7556}") = "AnhBach", "AnhBach\AnhBach.csproj", "{9616EC31-FD58-4C40-BF39-4F5C34ABA7F2}"
EndProject
Global
	GlobalSection(SolutionConfigurationPlatforms) = preSolution
		Debug|Any CPU = Debug|Any CPU
		Release|Any CPU = Release|Any CPU
	EndGlobalSection
	GlobalSection(ProjectConfigurationPlatforms) = postSolution
		{9616EC31-FD58-4C40-BF39-4F5C34ABA7F2}.Debug|Any CPU.ActiveCfg = Debug|Any CPU
		{9616EC31-FD58-4C40-BF39-4F5C34ABA7F2}.Debug|Any CPU.Build.0 = Debug|Any CPU
		{9616EC31-FD58-4C40-BF39-4F5C34ABA7F2}.Release|Any CPU.ActiveCfg = Release|Any CPU
		{9616EC31-FD58-4C40-BF39-4F5C34ABA7F2}.Release|Any CPU.Build.0 = Release|Any CPU
	EndGlobalSection
	GlobalSection(SolutionProperties) = preSolution
		HideSolutionNode = FALSE
	EndGlobalSection
	GlobalSection(ExtensibilityGlobals) = postSolution
		SolutionGuid = {0FD8C49B-6E66-431D-91A0-05D86FD68A9C}
	EndGlobalSection
EndGlobal
